
Microsoft Visual Studio Solution File, Format Version 12.00
# Visual Studio 2013
VisualStudioVersion = 12.0.21005.1
MinimumVisualStudioVersion = 10.0.40219.1
Project("{FAE04EC0-301F-11D3-BF4B-00C04F79EFBC}") = "AlmacenYuyitos", "AlmacenYuyitos\AlmacenYuyitos.csproj", "{36714CF3-F74E-4431-8B69-0A5719F334BD}"
EndProject
Project("{FAE04EC0-301F-11D3-BF4B-00C04F79EFBC}") = "biblioteca_los_yuyitos", "biblioteca_los_yuyitos\biblioteca_los_yuyitos.csproj", "{9C002427-14CE-425A-83AC-A78ADD43486B}"
EndProject
Global
	GlobalSection(SolutionConfigurationPlatforms) = preSolution
		Debug|Any CPU = Debug|Any CPU
		Release|Any CPU = Release|Any CPU
	EndGlobalSection
	GlobalSection(ProjectConfigurationPlatforms) = postSolution
		{36714CF3-F74E-4431-8B69-0A5719F334BD}.Debug|Any CPU.ActiveCfg = Debug|Any CPU
		{36714CF3-F74E-4431-8B69-0A5719F334BD}.Debug|Any CPU.Build.0 = Debug|Any CPU
		{36714CF3-F74E-4431-8B69-0A5719F334BD}.Release|Any CPU.ActiveCfg = Release|Any CPU
		{36714CF3-F74E-4431-8B69-0A5719F334BD}.Release|Any CPU.Build.0 = Release|Any CPU
		{9C002427-14CE-425A-83AC-A78ADD43486B}.Debug|Any CPU.ActiveCfg = Debug|Any CPU
		{9C002427-14CE-425A-83AC-A78ADD43486B}.Debug|Any CPU.Build.0 = Debug|Any CPU
		{9C002427-14CE-425A-83AC-A78ADD43486B}.Release|Any CPU.ActiveCfg = Release|Any CPU
		{9C002427-14CE-425A-83AC-A78ADD43486B}.Release|Any CPU.Build.0 = Release|Any CPU
	EndGlobalSection
	GlobalSection(SolutionProperties) = preSolution
		HideSolutionNode = FALSE
	EndGlobalSection
EndGlobal
